
Microsoft Visual Studio Solution File, Format Version 12.00
# Visual Studio Version 17
VisualStudioVersion = 17.14.36518.9 d17.14
MinimumVisualStudioVersion = 10.0.40219.1
Project("{FAE04EC0-301F-11D3-BF4B-00C04F79EFBC}") = "Server", "Server\Server.csproj", "{182ACF2C-1190-4E01-8C11-F50EFF0257B4}"
EndProject
Project("{FAE04EC0-301F-11D3-BF4B-00C04F79EFBC}") = "Client", "Client\Client.csproj", "{F4B1BB1D-2DC2-4CF4-9338-6793A9066E41}"
EndProject
Global
	GlobalSection(SolutionConfigurationPlatforms) = preSolution
		Debug|Any CPU = Debug|Any CPU
		Release|Any CPU = Release|Any CPU
	EndGlobalSection
	GlobalSection(ProjectConfigurationPlatforms) = postSolution
		{182ACF2C-1190-4E01-8C11-F50EFF0257B4}.Debug|Any CPU.ActiveCfg = Debug|Any CPU
		{182ACF2C-1190-4E01-8C11-F50EFF0257B4}.Debug|Any CPU.Build.0 = Debug|Any CPU
		{182ACF2C-1190-4E01-8C11-F50EFF0257B4}.Release|Any CPU.ActiveCfg = Release|Any CPU
		{182ACF2C-1190-4E01-8C11-F50EFF0257B4}.Release|Any CPU.Build.0 = Release|Any CPU
		{F4B1BB1D-2DC2-4CF4-9338-6793A9066E41}.Debug|Any CPU.ActiveCfg = Debug|Any CPU
		{F4B1BB1D-2DC2-4CF4-9338-6793A9066E41}.Debug|Any CPU.Build.0 = Debug|Any CPU
		{F4B1BB1D-2DC2-4CF4-9338-6793A9066E41}.Release|Any CPU.ActiveCfg = Release|Any CPU
		{F4B1BB1D-2DC2-4CF4-9338-6793A9066E41}.Release|Any CPU.Build.0 = Release|Any CPU
	EndGlobalSection
	GlobalSection(SolutionProperties) = preSolution
		HideSolutionNode = FALSE
	EndGlobalSection
	GlobalSection(ExtensibilityGlobals) = postSolution
		SolutionGuid = {4AE92D1A-48CC-4A42-B95F-054057E17548}
	EndGlobalSection
EndGlobal
